// !$*UTF8*$!
{
	archiveVersion = 1;
	classes = {
	};
	objectVersion = 46;
	objects = {

/* Begin PBXBuildFile section */
		C2448D571BE02B940006A5DD /* AppDelegate.swift in Sources */ = {isa = PBXBuildFile; fileRef = C2448D561BE02B940006A5DD /* AppDelegate.swift */; };
		C2448D591BE02B940006A5DD /* IntroViewController.swift in Sources */ = {isa = PBXBuildFile; fileRef = C2448D581BE02B940006A5DD /* IntroViewController.swift */; };
		C2448D5C1BE02B940006A5DD /* Main.storyboard in Resources */ = {isa = PBXBuildFile; fileRef = C2448D5A1BE02B940006A5DD /* Main.storyboard */; };
		C2448D5E1BE02B940006A5DD /* Assets.xcassets in Resources */ = {isa = PBXBuildFile; fileRef = C2448D5D1BE02B940006A5DD /* Assets.xcassets */; };
		C2448D611BE02B940006A5DD /* LaunchScreen.storyboard in Resources */ = {isa = PBXBuildFile; fileRef = C2448D5F1BE02B940006A5DD /* LaunchScreen.storyboard */; };
		C2448D691BE02C340006A5DD /* Common.swift in Sources */ = {isa = PBXBuildFile; fileRef = C2448D681BE02C340006A5DD /* Common.swift */; };
		C2448D6B1BE0587B0006A5DD /* SignInViewController.swift in Sources */ = {isa = PBXBuildFile; fileRef = C2448D6A1BE0587B0006A5DD /* SignInViewController.swift */; };
		C2448D6D1BE05DB20006A5DD /* WelcomeViewController.swift in Sources */ = {isa = PBXBuildFile; fileRef = C2448D6C1BE05DB20006A5DD /* WelcomeViewController.swift */; };
		C2448D6F1BE05FDC0006A5DD /* ConversationsViewController.swift in Sources */ = {isa = PBXBuildFile; fileRef = C2448D6E1BE05FDC0006A5DD /* ConversationsViewController.swift */; };
		C2448D711BE05FE80006A5DD /* FeedViewController.swift in Sources */ = {isa = PBXBuildFile; fileRef = C2448D701BE05FE80006A5DD /* FeedViewController.swift */; };
		C2448D731BE05FF40006A5DD /* SettingsViewController.swift in Sources */ = {isa = PBXBuildFile; fileRef = C2448D721BE05FF40006A5DD /* SettingsViewController.swift */; };
/* End PBXBuildFile section */

/* Begin PBXFileReference section */
		C2448D531BE02B940006A5DD /* Carousel Proto.app */ = {isa = PBXFileReference; explicitFileType = wrapper.application; includeInIndex = 0; path = "Carousel Proto.app"; sourceTree = BUILT_PRODUCTS_DIR; };
		C2448D561BE02B940006A5DD /* AppDelegate.swift */ = {isa = PBXFileReference; lastKnownFileType = sourcecode.swift; path = AppDelegate.swift; sourceTree = "<group>"; };
		C2448D581BE02B940006A5DD /* IntroViewController.swift */ = {isa = PBXFileReference; lastKnownFileType = sourcecode.swift; path = IntroViewController.swift; sourceTree = "<group>"; };
		C2448D5B1BE02B940006A5DD /* Base */ = {isa = PBXFileReference; lastKnownFileType = file.storyboard; name = Base; path = Base.lproj/Main.storyboard; sourceTree = "<group>"; };
		C2448D5D1BE02B940006A5DD /* Assets.xcassets */ = {isa = PBXFileReference; lastKnownFileType = folder.assetcatalog; path = Assets.xcassets; sourceTree = "<group>"; };
		C2448D601BE02B940006A5DD /* Base */ = {isa = PBXFileReference; lastKnownFileType = file.storyboard; name = Base; path = Base.lproj/LaunchScreen.storyboard; sourceTree = "<group>"; };
		C2448D621BE02B940006A5DD /* Info.plist */ = {isa = PBXFileReference; lastKnownFileType = text.plist.xml; path = Info.plist; sourceTree = "<group>"; };
		C2448D681BE02C340006A5DD /* Common.swift */ = {isa = PBXFileReference; fileEncoding = 4; lastKnownFileType = sourcecode.swift; path = Common.swift; sourceTree = "<group>"; };
		C2448D6A1BE0587B0006A5DD /* SignInViewController.swift */ = {isa = PBXFileReference; fileEncoding = 4; lastKnownFileType = sourcecode.swift; path = SignInViewController.swift; sourceTree = "<group>"; };
		C2448D6C1BE05DB20006A5DD /* WelcomeViewController.swift */ = {isa = PBXFileReference; fileEncoding = 4; lastKnownFileType = sourcecode.swift; path = WelcomeViewController.swift; sourceTree = "<group>"; };
		C2448D6E1BE05FDC0006A5DD /* ConversationsViewController.swift */ = {isa = PBXFileReference; fileEncoding = 4; lastKnownFileType = sourcecode.swift; path = ConversationsViewController.swift; sourceTree = "<group>"; };
		C2448D701BE05FE80006A5DD /* FeedViewController.swift */ = {isa = PBXFileReference; fileEncoding = 4; lastKnownFileType = sourcecode.swift; path = FeedViewController.swift; sourceTree = "<group>"; };
		C2448D721BE05FF40006A5DD /* SettingsViewController.swift */ = {isa = PBXFileReference; fileEncoding = 4; lastKnownFileType = sourcecode.swift; path = SettingsViewController.swift; sourceTree = "<group>"; };
/* End PBXFileReference section */

/* Begin PBXFrameworksBuildPhase section */
		C2448D501BE02B940006A5DD /* Frameworks */ = {
			isa = PBXFrameworksBuildPhase;
			buildActionMask = 2147483647;
			files = (
			);
			runOnlyForDeploymentPostprocessing = 0;
		};
/* End PBXFrameworksBuildPhase section */

/* Begin PBXGroup section */
		C2448D4A1BE02B930006A5DD = {
			isa = PBXGroup;
			children = (
				C2448D551BE02B940006A5DD /* Carousel Proto */,
				C2448D541BE02B940006A5DD /* Products */,
			);
			sourceTree = "<group>";
		};
		C2448D541BE02B940006A5DD /* Products */ = {
			isa = PBXGroup;
			children = (
				C2448D531BE02B940006A5DD /* Carousel Proto.app */,
			);
			name = Products;
			sourceTree = "<group>";
		};
		C2448D551BE02B940006A5DD /* Carousel Proto */ = {
			isa = PBXGroup;
			children = (
				C2448D561BE02B940006A5DD /* AppDelegate.swift */,
				C2448D581BE02B940006A5DD /* IntroViewController.swift */,
				C2448D6A1BE0587B0006A5DD /* SignInViewController.swift */,
				C2448D6C1BE05DB20006A5DD /* WelcomeViewController.swift */,
				C2448D701BE05FE80006A5DD /* FeedViewController.swift */,
				C2448D6E1BE05FDC0006A5DD /* ConversationsViewController.swift */,
				C2448D721BE05FF40006A5DD /* SettingsViewController.swift */,
				C2448D681BE02C340006A5DD /* Common.swift */,
				C2448D5A1BE02B940006A5DD /* Main.storyboard */,
				C2448D5F1BE02B940006A5DD /* LaunchScreen.storyboard */,
				C2448D5D1BE02B940006A5DD /* Assets.xcassets */,
				C2448D621BE02B940006A5DD /* Info.plist */,
			);
			path = "Carousel Proto";
			sourceTree = "<group>";
		};
/* End PBXGroup section */

/* Begin PBXNativeTarget section */
		C2448D521BE02B940006A5DD /* Carousel Proto */ = {
			isa = PBXNativeTarget;
			buildConfigurationList = C2448D651BE02B940006A5DD /* Build configuration list for PBXNativeTarget "Carousel Proto" */;
			buildPhases = (
				C2448D4F1BE02B940006A5DD /* Sources */,
				C2448D501BE02B940006A5DD /* Frameworks */,
				C2448D511BE02B940006A5DD /* Resources */,
			);
			buildRules = (
			);
			dependencies = (
			);
			name = "Carousel Proto";
			productName = "Carousel Proto";
			productReference = C2448D531BE02B940006A5DD /* Carousel Proto.app */;
			productType = "com.apple.product-type.application";
		};
/* End PBXNativeTarget section */

/* Begin PBXProject section */
		C2448D4B1BE02B930006A5DD /* Project object */ = {
			isa = PBXProject;
			attributes = {
				LastSwiftUpdateCheck = 0710;
				LastUpgradeCheck = 0710;
				ORGANIZATIONNAME = "Sam Wander";
				TargetAttributes = {
					C2448D521BE02B940006A5DD = {
						CreatedOnToolsVersion = 7.1;
					};
				};
			};
			buildConfigurationList = C2448D4E1BE02B930006A5DD /* Build configuration list for PBXProject "Carousel Proto" */;
			compatibilityVersion = "Xcode 3.2";
			developmentRegion = English;
			hasScannedForEncodings = 0;
			knownRegions = (
				en,
				Base,
			);
			mainGroup = C2448D4A1BE02B930006A5DD;
			productRefGroup = C2448D541BE02B940006A5DD /* Products */;
			projectDirPath = "";
			projectRoot = "";
			targets = (
				C2448D521BE02B940006A5DD /* Carousel Proto */,
			);
		};
/* End PBXProject section */

/* Begin PBXResourcesBuildPhase section */
		C2448D511BE02B940006A5DD /* Resources */ = {
			isa = PBXResourcesBuildPhase;
			buildActionMask = 2147483647;
			files = (
				C2448D611BE02B940006A5DD /* LaunchScreen.storyboard in Resources */,
				C2448D5E1BE02B940006A5DD /* Assets.xcassets in Resources */,
				C2448D5C1BE02B940006A5DD /* Main.storyboard in Resources */,
			);
			runOnlyForDeploymentPostprocessing = 0;
		};
/* End PBXResourcesBuildPhase section */

/* Begin PBXSourcesBuildPhase section */
		C2448D4F1BE02B940006A5DD /* Sources */ = {
			isa = PBXSourcesBuildPhase;
			buildActionMask = 2147483647;
			files = (
				C2448D6B1BE0587B0006A5DD /* SignInViewController.swift in Sources */,
				C2448D6D1BE05DB20006A5DD /* WelcomeViewController.swift in Sources */,
				C2448D591BE02B940006A5DD /* IntroViewController.swift in Sources */,
				C2448D6F1BE05FDC0006A5DD /* ConversationsViewController.swift in Sources */,
				C2448D691BE02C340006A5DD /* Common.swift in Sources */,
				C2448D571BE02B940006A5DD /* AppDelegate.swift in Sources */,
				C2448D711BE05FE80006A5DD /* FeedViewController.swift in Sources */,
				C2448D731BE05FF40006A5DD /* SettingsViewController.swift in Sources */,
			);
			runOnlyForDeploymentPostprocessing = 0;
		};
/* End PBXSourcesBuildPhase section */

/* Begin PBXVariantGroup section */
		C2448D5A1BE02B940006A5DD /* Main.storyboard */ = {
			isa = PBXVariantGroup;
			children = (
				C2448D5B1BE02B940006A5DD /* Base */,
			);
			name = Main.storyboard;
			sourceTree = "<group>";
		};
		C2448D5F1BE02B940006A5DD /* LaunchScreen.storyboard */ = {
			isa = PBXVariantGroup;
			children = (
				C2448D601BE02B940006A5DD /* Base */,
			);
			name = LaunchScreen.storyboard;
			sourceTree = "<group>";
		};
/* End PBXVariantGroup section */

/* Begin XCBuildConfiguration section */
		C2448D631BE02B940006A5DD /* Debug */ = {
			isa = XCBuildConfiguration;
			buildSettings = {
				ALWAYS_SEARCH_USER_PATHS = NO;
				CLANG_CXX_LANGUAGE_STANDARD = "gnu++0x";
				CLANG_CXX_LIBRARY = "libc++";
				CLANG_ENABLE_MODULES = YES;
				CLANG_ENABLE_OBJC_ARC = YES;
				CLANG_WARN_BOOL_CONVERSION = YES;
				CLANG_WARN_CONSTANT_CONVERSION = YES;
				CLANG_WARN_DIRECT_OBJC_ISA_USAGE = YES_ERROR;
				CLANG_WARN_EMPTY_BODY = YES;
				CLANG_WARN_ENUM_CONVERSION = YES;
				CLANG_WARN_INT_CONVERSION = YES;
				CLANG_WARN_OBJC_ROOT_CLASS = YES_ERROR;
				CLANG_WARN_UNREACHABLE_CODE = YES;
				CLANG_WARN__DUPLICATE_METHOD_MATCH = YES;
				"CODE_SIGN_IDENTITY[sdk=iphoneos*]" = "iPhone Developer";
				COPY_PHASE_STRIP = NO;
				DEBUG_INFORMATION_FORMAT = dwarf;
				ENABLE_STRICT_OBJC_MSGSEND = YES;
				ENABLE_TESTABILITY = YES;
				GCC_C_LANGUAGE_STANDARD = gnu99;
				GCC_DYNAMIC_NO_PIC = NO;
				GCC_NO_COMMON_BLOCKS = YES;
				GCC_OPTIMIZATION_LEVEL = 0;
				GCC_PREPROCESSOR_DEFINITIONS = (
					"DEBUG=1",
					"$(inherited)",
				);
				GCC_WARN_64_TO_32_BIT_CONVERSION = YES;
				GCC_WARN_ABOUT_RETURN_TYPE = YES_ERROR;
				GCC_WARN_UNDECLARED_SELECTOR = YES;
				GCC_WARN_UNINITIALIZED_AUTOS = YES_AGGRESSIVE;
				GCC_WARN_UNUSED_FUNCTION = YES;
				GCC_WARN_UNUSED_VARIABLE = YES;
				IPHONEOS_DEPLOYMENT_TARGET = 9.1;
				MTL_ENABLE_DEBUG_INFO = YES;
				ONLY_ACTIVE_ARCH = YES;
				SDKROOT = iphoneos;
				SWIFT_OPTIMIZATION_LEVEL = "-Onone";
			};
			name = Debug;
		};
		C2448D641BE02B940006A5DD /* Release */ = {
			isa = XCBuildConfiguration;
			buildSettings = {
				ALWAYS_SEARCH_USER_PATHS = NO;
				CLANG_CXX_LANGUAGE_STANDARD = "gnu++0x";
				CLANG_CXX_LIBRARY = "libc++";
				CLANG_ENABLE_MODULES = YES;
				CLANG_ENABLE_OBJC_ARC = YES;
				CLANG_WARN_BOOL_CONVERSION = YES;
				CLANG_WARN_CONSTANT_CONVERSION = YES;
				CLANG_WARN_DIRECT_OBJC_ISA_USAGE = YES_ERROR;
				CLANG_WARN_EMPTY_BODY = YES;
				CLANG_WARN_ENUM_CONVERSION = YES;
				CLANG_WARN_INT_CONVERSION = YES;
				CLANG_WARN_OBJC_ROOT_CLASS = YES_ERROR;
				CLANG_WARN_UNREACHABLE_CODE = YES;
				CLANG_WARN__DUPLICATE_METHOD_MATCH = YES;
				"CODE_SIGN_IDENTITY[sdk=iphoneos*]" = "iPhone Developer";
				COPY_PHASE_STRIP = NO;
				DEBUG_INFORMATION_FORMAT = "dwarf-with-dsym";
				ENABLE_NS_ASSERTIONS = NO;
				ENABLE_STRICT_OBJC_MSGSEND = YES;
				GCC_C_LANGUAGE_STANDARD = gnu99;
				GCC_NO_COMMON_BLOCKS = YES;
				GCC_WARN_64_TO_32_BIT_CONVERSION = YES;
				GCC_WARN_ABOUT_RETURN_TYPE = YES_ERROR;
				GCC_WARN_UNDECLARED_SELECTOR = YES;
				GCC_WARN_UNINITIALIZED_AUTOS = YES_AGGRESSIVE;
				GCC_WARN_UNUSED_FUNCTION = YES;
				GCC_WARN_UNUSED_VARIABLE = YES;
				IPHONEOS_DEPLOYMENT_TARGET = 9.1;
				MTL_ENABLE_DEBUG_INFO = NO;
				SDKROOT = iphoneos;
				VALIDATE_PRODUCT = YES;
			};
			name = Release;
		};
		C2448D661BE02B940006A5DD /* Debug */ = {
			isa = XCBuildConfiguration;
			buildSettings = {
				ASSETCATALOG_COMPILER_APPICON_NAME = AppIcon;
				INFOPLIST_FILE = "Carousel Proto/Info.plist";
				LD_RUNPATH_SEARCH_PATHS = "$(inherited) @executable_path/Frameworks";
				PRODUCT_BUNDLE_IDENTIFIER = "com.wander.sam.Carousel-Proto";
				PRODUCT_NAME = "$(TARGET_NAME)";
			};
			name = Debug;
		};
		C2448D671BE02B940006A5DD /* Release */ = {
			isa = XCBuildConfiguration;
			buildSettings = {
				ASSETCATALOG_COMPILER_APPICON_NAME = AppIcon;
				INFOPLIST_FILE = "Carousel Proto/Info.plist";
				LD_RUNPATH_SEARCH_PATHS = "$(inherited) @executable_path/Frameworks";
				PRODUCT_BUNDLE_IDENTIFIER = "com.wander.sam.Carousel-Proto";
				PRODUCT_NAME = "$(TARGET_NAME)";
			};
			name = Release;
		};
/* End XCBuildConfiguration section */

/* Begin XCConfigurationList section */
		C2448D4E1BE02B930006A5DD /* Build configuration list for PBXProject "Carousel Proto" */ = {
			isa = XCConfigurationList;
			buildConfigurations = (
				C2448D631BE02B940006A5DD /* Debug */,
				C2448D641BE02B940006A5DD /* Release */,
			);
			defaultConfigurationIsVisible = 0;
			defaultConfigurationName = Release;
		};
		C2448D651BE02B940006A5DD /* Build configuration list for PBXNativeTarget "Carousel Proto" */ = {
			isa = XCConfigurationList;
			buildConfigurations = (
				C2448D661BE02B940006A5DD /* Debug */,
				C2448D671BE02B940006A5DD /* Release */,
			);
			defaultConfigurationIsVisible = 0;
		};
/* End XCConfigurationList section */
	};
	rootObject = C2448D4B1BE02B930006A5DD /* Project object */;
}
